
Microsoft Visual Studio Solution File, Format Version 12.00
# Visual Studio Version 17
VisualStudioVersion = 17.6.33829.357
MinimumVisualStudioVersion = 10.0.40219.1
Project("{FAE04EC0-301F-11D3-BF4B-00C04F79EFBC}") = "Ejercicio3", "Ejercicio3.csproj", "{024D6078-A17C-4354-9FEA-CABCEC5AF85F}"
EndProject
Global
	GlobalSection(SolutionConfigurationPlatforms) = preSolution
		Debug|Any CPU = Debug|Any CPU
		Release|Any CPU = Release|Any CPU
	EndGlobalSection
	GlobalSection(ProjectConfigurationPlatforms) = postSolution
		{024D6078-A17C-4354-9FEA-CABCEC5AF85F}.Debug|Any CPU.ActiveCfg = Debug|Any CPU
		{024D6078-A17C-4354-9FEA-CABCEC5AF85F}.Debug|Any CPU.Build.0 = Debug|Any CPU
		{024D6078-A17C-4354-9FEA-CABCEC5AF85F}.Release|Any CPU.ActiveCfg = Release|Any CPU
		{024D6078-A17C-4354-9FEA-CABCEC5AF85F}.Release|Any CPU.Build.0 = Release|Any CPU
	EndGlobalSection
	GlobalSection(SolutionProperties) = preSolution
		HideSolutionNode = FALSE
	EndGlobalSection
	GlobalSection(ExtensibilityGlobals) = postSolution
		SolutionGuid = {C474E186-8F99-437E-9813-3E198CB309F6}
	EndGlobalSection
EndGlobal
