
Microsoft Visual Studio Solution File, Format Version 12.00
# Visual Studio Version 17
VisualStudioVersion = 17.6.33829.357
MinimumVisualStudioVersion = 10.0.40219.1
Project("{FAE04EC0-301F-11D3-BF4B-00C04F79EFBC}") = "ejericicio6", "ejericicio6.csproj", "{C03524A5-52F8-4945-A7CC-19BB756259E4}"
EndProject
Global
	GlobalSection(SolutionConfigurationPlatforms) = preSolution
		Debug|Any CPU = Debug|Any CPU
		Release|Any CPU = Release|Any CPU
	EndGlobalSection
	GlobalSection(ProjectConfigurationPlatforms) = postSolution
		{C03524A5-52F8-4945-A7CC-19BB756259E4}.Debug|Any CPU.ActiveCfg = Debug|Any CPU
		{C03524A5-52F8-4945-A7CC-19BB756259E4}.Debug|Any CPU.Build.0 = Debug|Any CPU
		{C03524A5-52F8-4945-A7CC-19BB756259E4}.Release|Any CPU.ActiveCfg = Release|Any CPU
		{C03524A5-52F8-4945-A7CC-19BB756259E4}.Release|Any CPU.Build.0 = Release|Any CPU
	EndGlobalSection
	GlobalSection(SolutionProperties) = preSolution
		HideSolutionNode = FALSE
	EndGlobalSection
	GlobalSection(ExtensibilityGlobals) = postSolution
		SolutionGuid = {275E9DCB-A7C3-47DA-ABA5-4501AAA81CE8}
	EndGlobalSection
EndGlobal
