
Microsoft Visual Studio Solution File, Format Version 12.00
# Visual Studio Version 17
VisualStudioVersion = 17.6.33829.357
MinimumVisualStudioVersion = 10.0.40219.1
Project("{FAE04EC0-301F-11D3-BF4B-00C04F79EFBC}") = "calcular hipotenusa", "calcular hipotenusa.csproj", "{F9E854A1-C851-4389-A24F-40D4F91D5FB5}"
EndProject
Global
	GlobalSection(SolutionConfigurationPlatforms) = preSolution
		Debug|Any CPU = Debug|Any CPU
		Release|Any CPU = Release|Any CPU
	EndGlobalSection
	GlobalSection(ProjectConfigurationPlatforms) = postSolution
		{F9E854A1-C851-4389-A24F-40D4F91D5FB5}.Debug|Any CPU.ActiveCfg = Debug|Any CPU
		{F9E854A1-C851-4389-A24F-40D4F91D5FB5}.Debug|Any CPU.Build.0 = Debug|Any CPU
		{F9E854A1-C851-4389-A24F-40D4F91D5FB5}.Release|Any CPU.ActiveCfg = Release|Any CPU
		{F9E854A1-C851-4389-A24F-40D4F91D5FB5}.Release|Any CPU.Build.0 = Release|Any CPU
	EndGlobalSection
	GlobalSection(SolutionProperties) = preSolution
		HideSolutionNode = FALSE
	EndGlobalSection
	GlobalSection(ExtensibilityGlobals) = postSolution
		SolutionGuid = {61782757-D1C3-4A45-979A-0E5D9661FF2E}
	EndGlobalSection
EndGlobal
