
Microsoft Visual Studio Solution File, Format Version 12.00
# Visual Studio Version 17
VisualStudioVersion = 17.6.33829.357
MinimumVisualStudioVersion = 10.0.40219.1
Project("{FAE04EC0-301F-11D3-BF4B-00C04F79EFBC}") = "NumeroMayor", "NumeroMayor.csproj", "{3BD052DC-7BEE-4E8E-9343-B3840E874E1E}"
EndProject
Global
	GlobalSection(SolutionConfigurationPlatforms) = preSolution
		Debug|Any CPU = Debug|Any CPU
		Release|Any CPU = Release|Any CPU
	EndGlobalSection
	GlobalSection(ProjectConfigurationPlatforms) = postSolution
		{3BD052DC-7BEE-4E8E-9343-B3840E874E1E}.Debug|Any CPU.ActiveCfg = Debug|Any CPU
		{3BD052DC-7BEE-4E8E-9343-B3840E874E1E}.Debug|Any CPU.Build.0 = Debug|Any CPU
		{3BD052DC-7BEE-4E8E-9343-B3840E874E1E}.Release|Any CPU.ActiveCfg = Release|Any CPU
		{3BD052DC-7BEE-4E8E-9343-B3840E874E1E}.Release|Any CPU.Build.0 = Release|Any CPU
	EndGlobalSection
	GlobalSection(SolutionProperties) = preSolution
		HideSolutionNode = FALSE
	EndGlobalSection
	GlobalSection(ExtensibilityGlobals) = postSolution
		SolutionGuid = {B3A4B972-8C46-4169-98D7-0C79C7EE27E8}
	EndGlobalSection
EndGlobal
